# @generated by Move, please check-in and do not edit manually.

[move]
version = 3
manifest_digest = "B09B7C9C87825CC9EF77E81A3D5E85A0AB14105BE3BE2E197372D755B02AC46E"
deps_digest = "3C4103934B1E040BB6B23F1D610B4EF9F2F1166A50A104EADCF77467C004C600"
dependencies = [
  { id = "Dubhe", name = "Dubhe" },
  { id = "Sui", name = "Sui" },
]

[[move.package]]
id = "Dubhe"
source = { local = "../dubhe-framework" }

dependencies = [
  { id = "Sui", name = "Sui" },
]

[[move.package]]
id = "MoveStdlib"
source = { git = "https://github.com/MystenLabs/sui.git", rev = "mainnet-v1.38.3", subdir = "crates/sui-framework/packages/move-stdlib" }

[[move.package]]
id = "Sui"
source = { git = "https://github.com/MystenLabs/sui.git", rev = "mainnet-v1.38.3", subdir = "crates/sui-framework/packages/sui-framework" }

dependencies = [
  { id = "MoveStdlib", name = "MoveStdlib" },
]

[move.toolchain-version]
compiler-version = "1.38.3"
edition = "2024"
flavor = "sui"






[env.localnet]
chain-id = "0f6ee072"
original-published-id = "0xbafe120a9deee41a8d48356f21fc42d2b3264ac1749534a196beeccb9f2be135"
latest-published-id = "0xbafe120a9deee41a8d48356f21fc42d2b3264ac1749534a196beeccb9f2be135"
published-version = "1"
